
Microsoft Visual Studio Solution File, Format Version 12.00
# Visual Studio Version 16
VisualStudioVersion = 16.0.29609.76
MinimumVisualStudioVersion = 10.0.40219.1
Project("{9A19103F-16F7-4668-BE54-9A1E7A4F7556}") = "MultiTurnPromptBot", "05.multi-turn-prompt\MultiTurnPromptBot.csproj", "{659205BF-9F82-41C9-AA06-A172A49B0E66}"
EndProject
Project("{9A19103F-16F7-4668-BE54-9A1E7A4F7556}") = "CardsBot", "06.using-cards\CardsBot.csproj", "{E22F5D35-A2AF-4F0E-96E6-98250CFF177A}"
EndProject
Project("{9A19103F-16F7-4668-BE54-9A1E7A4F7556}") = "AdaptiveCardsBot", "07.using-adaptive-cards\AdaptiveCardsBot.csproj", "{3C74E98C-E924-4C3A-AD61-B5AC95C68651}"
EndProject
Project("{9A19103F-16F7-4668-BE54-9A1E7A4F7556}") = "SuggestedActionsBot", "08.suggested-actions\SuggestedActionsBot.csproj", "{9C70CB81-4403-41B8-ABB8-72497061DDB0}"
EndProject
Project("{9A19103F-16F7-4668-BE54-9A1E7A4F7556}") = "CoreBot", "13.core-bot\CoreBot.csproj", "{8FAE502C-68A1-47E8-9761-BCEA491BA4AA}"
EndProject
Project("{9A19103F-16F7-4668-BE54-9A1E7A4F7556}") = "HandlingAttachmentsBot", "15.handling-attachments\HandlingAttachmentsBot.csproj", "{7E6046AF-DBF2-40E2-8ABA-A0537F76695A}"
EndProject
Project("{9A19103F-16F7-4668-BE54-9A1E7A4F7556}") = "ProactiveBot", "16.proactive-messages\ProactiveBot.csproj", "{79D2CAED-880B-4FAE-8777-5A37606E5F48}"
EndProject
Project("{9A19103F-16F7-4668-BE54-9A1E7A4F7556}") = "AuthenticationBot", "18.bot-authentication\AuthenticationBot.csproj", "{F858B0CA-16DC-40CF-8663-5D277992BA54}"
EndProject
Project("{9A19103F-16F7-4668-BE54-9A1E7A4F7556}") = "Facebook-Events-Bot", "23.facebook-events\Facebook-Events-Bot.csproj", "{F1F85057-BAFA-46E2-830C-36060270659F}"
EndProject
Project("{9A19103F-16F7-4668-BE54-9A1E7A4F7556}") = "BotAuthenticationMSGraph", "24.bot-authentication-msgraph\BotAuthenticationMSGraph.csproj", "{3434227D-B8F8-41D0-8465-310099349C61}"
EndProject
Project("{9A19103F-16F7-4668-BE54-9A1E7A4F7556}") = "PromptUsersForInput", "44.prompt-users-for-input\PromptUsersForInput.csproj", "{F2E3F5D1-540C-48A0-B0EA-3892292D6FED}"
EndProject
Project("{9A19103F-16F7-4668-BE54-9A1E7A4F7556}") = "Inspection", "47.inspection\Inspection.csproj", "{CC1FD48D-8F0E-4B89-A7C6-E17429CF80FE}"
EndProject
Project("{9A19103F-16F7-4668-BE54-9A1E7A4F7556}") = "MessageReaction", "25.message-reaction\MessageReaction.csproj", "{4F6B070A-029F-4A93-A229-43C8198DE85E}"
EndProject
Project("{9A19103F-16F7-4668-BE54-9A1E7A4F7556}") = "QnAMaker", "11.qnamaker\QnAMaker.csproj", "{776B51F4-E43E-4FB4-8666-40E37AF60DF8}"
EndProject
Global
	GlobalSection(SolutionConfigurationPlatforms) = preSolution
		Debug|Any CPU = Debug|Any CPU
		Release|Any CPU = Release|Any CPU
	EndGlobalSection
	GlobalSection(ProjectConfigurationPlatforms) = postSolution
		{659205BF-9F82-41C9-AA06-A172A49B0E66}.Debug|Any CPU.ActiveCfg = Debug|Any CPU
		{659205BF-9F82-41C9-AA06-A172A49B0E66}.Debug|Any CPU.Build.0 = Debug|Any CPU
		{659205BF-9F82-41C9-AA06-A172A49B0E66}.Release|Any CPU.ActiveCfg = Release|Any CPU
		{659205BF-9F82-41C9-AA06-A172A49B0E66}.Release|Any CPU.Build.0 = Release|Any CPU
		{E22F5D35-A2AF-4F0E-96E6-98250CFF177A}.Debug|Any CPU.ActiveCfg = Debug|Any CPU
		{E22F5D35-A2AF-4F0E-96E6-98250CFF177A}.Debug|Any CPU.Build.0 = Debug|Any CPU
		{E22F5D35-A2AF-4F0E-96E6-98250CFF177A}.Release|Any CPU.ActiveCfg = Release|Any CPU
		{E22F5D35-A2AF-4F0E-96E6-98250CFF177A}.Release|Any CPU.Build.0 = Release|Any CPU
		{3C74E98C-E924-4C3A-AD61-B5AC95C68651}.Debug|Any CPU.ActiveCfg = Debug|Any CPU
		{3C74E98C-E924-4C3A-AD61-B5AC95C68651}.Debug|Any CPU.Build.0 = Debug|Any CPU
		{3C74E98C-E924-4C3A-AD61-B5AC95C68651}.Release|Any CPU.ActiveCfg = Release|Any CPU
		{3C74E98C-E924-4C3A-AD61-B5AC95C68651}.Release|Any CPU.Build.0 = Release|Any CPU
		{9C70CB81-4403-41B8-ABB8-72497061DDB0}.Debug|Any CPU.ActiveCfg = Debug|Any CPU
		{9C70CB81-4403-41B8-ABB8-72497061DDB0}.Debug|Any CPU.Build.0 = Debug|Any CPU
		{9C70CB81-4403-41B8-ABB8-72497061DDB0}.Release|Any CPU.ActiveCfg = Release|Any CPU
		{9C70CB81-4403-41B8-ABB8-72497061DDB0}.Release|Any CPU.Build.0 = Release|Any CPU
		{8FAE502C-68A1-47E8-9761-BCEA491BA4AA}.Debug|Any CPU.ActiveCfg = Debug|Any CPU
		{8FAE502C-68A1-47E8-9761-BCEA491BA4AA}.Debug|Any CPU.Build.0 = Debug|Any CPU
		{8FAE502C-68A1-47E8-9761-BCEA491BA4AA}.Release|Any CPU.ActiveCfg = Release|Any CPU
		{8FAE502C-68A1-47E8-9761-BCEA491BA4AA}.Release|Any CPU.Build.0 = Release|Any CPU
		{7E6046AF-DBF2-40E2-8ABA-A0537F76695A}.Debug|Any CPU.ActiveCfg = Debug|Any CPU
		{7E6046AF-DBF2-40E2-8ABA-A0537F76695A}.Debug|Any CPU.Build.0 = Debug|Any CPU
		{7E6046AF-DBF2-40E2-8ABA-A0537F76695A}.Release|Any CPU.ActiveCfg = Release|Any CPU
		{7E6046AF-DBF2-40E2-8ABA-A0537F76695A}.Release|Any CPU.Build.0 = Release|Any CPU
		{79D2CAED-880B-4FAE-8777-5A37606E5F48}.Debug|Any CPU.ActiveCfg = Debug|Any CPU
		{79D2CAED-880B-4FAE-8777-5A37606E5F48}.Debug|Any CPU.Build.0 = Debug|Any CPU
		{79D2CAED-880B-4FAE-8777-5A37606E5F48}.Release|Any CPU.ActiveCfg = Release|Any CPU
		{79D2CAED-880B-4FAE-8777-5A37606E5F48}.Release|Any CPU.Build.0 = Release|Any CPU
		{F858B0CA-16DC-40CF-8663-5D277992BA54}.Debug|Any CPU.ActiveCfg = Debug|Any CPU
		{F858B0CA-16DC-40CF-8663-5D277992BA54}.Debug|Any CPU.Build.0 = Debug|Any CPU
		{F858B0CA-16DC-40CF-8663-5D277992BA54}.Release|Any CPU.ActiveCfg = Release|Any CPU
		{F858B0CA-16DC-40CF-8663-5D277992BA54}.Release|Any CPU.Build.0 = Release|Any CPU
		{F1F85057-BAFA-46E2-830C-36060270659F}.Debug|Any CPU.ActiveCfg = Debug|Any CPU
		{F1F85057-BAFA-46E2-830C-36060270659F}.Debug|Any CPU.Build.0 = Debug|Any CPU
		{F1F85057-BAFA-46E2-830C-36060270659F}.Release|Any CPU.ActiveCfg = Release|Any CPU
		{F1F85057-BAFA-46E2-830C-36060270659F}.Release|Any CPU.Build.0 = Release|Any CPU
		{3434227D-B8F8-41D0-8465-310099349C61}.Debug|Any CPU.ActiveCfg = Debug|Any CPU
		{3434227D-B8F8-41D0-8465-310099349C61}.Debug|Any CPU.Build.0 = Debug|Any CPU
		{3434227D-B8F8-41D0-8465-310099349C61}.Release|Any CPU.ActiveCfg = Release|Any CPU
		{3434227D-B8F8-41D0-8465-310099349C61}.Release|Any CPU.Build.0 = Release|Any CPU
		{F2E3F5D1-540C-48A0-B0EA-3892292D6FED}.Debug|Any CPU.ActiveCfg = Debug|Any CPU
		{F2E3F5D1-540C-48A0-B0EA-3892292D6FED}.Debug|Any CPU.Build.0 = Debug|Any CPU
		{F2E3F5D1-540C-48A0-B0EA-3892292D6FED}.Release|Any CPU.ActiveCfg = Release|Any CPU
		{F2E3F5D1-540C-48A0-B0EA-3892292D6FED}.Release|Any CPU.Build.0 = Release|Any CPU
		{CC1FD48D-8F0E-4B89-A7C6-E17429CF80FE}.Debug|Any CPU.ActiveCfg = Debug|Any CPU
		{CC1FD48D-8F0E-4B89-A7C6-E17429CF80FE}.Debug|Any CPU.Build.0 = Debug|Any CPU
		{CC1FD48D-8F0E-4B89-A7C6-E17429CF80FE}.Release|Any CPU.ActiveCfg = Release|Any CPU
		{CC1FD48D-8F0E-4B89-A7C6-E17429CF80FE}.Release|Any CPU.Build.0 = Release|Any CPU
		{4F6B070A-029F-4A93-A229-43C8198DE85E}.Debug|Any CPU.ActiveCfg = Debug|Any CPU
		{4F6B070A-029F-4A93-A229-43C8198DE85E}.Debug|Any CPU.Build.0 = Debug|Any CPU
		{4F6B070A-029F-4A93-A229-43C8198DE85E}.Release|Any CPU.ActiveCfg = Release|Any CPU
		{4F6B070A-029F-4A93-A229-43C8198DE85E}.Release|Any CPU.Build.0 = Release|Any CPU
		{776B51F4-E43E-4FB4-8666-40E37AF60DF8}.Debug|Any CPU.ActiveCfg = Debug|Any CPU
		{776B51F4-E43E-4FB4-8666-40E37AF60DF8}.Debug|Any CPU.Build.0 = Debug|Any CPU
		{776B51F4-E43E-4FB4-8666-40E37AF60DF8}.Release|Any CPU.ActiveCfg = Release|Any CPU
		{776B51F4-E43E-4FB4-8666-40E37AF60DF8}.Release|Any CPU.Build.0 = Release|Any CPU
	EndGlobalSection
	GlobalSection(SolutionProperties) = preSolution
		HideSolutionNode = FALSE
	EndGlobalSection
	GlobalSection(ExtensibilityGlobals) = postSolution
		SolutionGuid = {6AF4AF72-D00E-45C4-B3B2-E30FBE53245A}
	EndGlobalSection
EndGlobal
